{
  "nodes": {
    "base16-schemes": {
      "flake": false,
      "locked": {
        "lastModified": 1702718998,
        "narHash": "sha256-VTczZi1C4WSzejpTFbneMonAdarRLtDnFehVxWs6ad0=",
        "owner": "tinted-theming",
        "repo": "base16-schemes",
        "rev": "2b6f2d0677216ddda50c9cabd6ee70fae4665f81",
        "type": "github"
      },
      "original": {
        "owner": "tinted-theming",
        "repo": "base16-schemes",
        "type": "github"
      }
    },
    "fenix": {
      "inputs": {
        "nixpkgs": [
          "nixpkgs"
        ],
        "rust-analyzer-src": "rust-analyzer-src"
      },
      "locked": {
        "lastModified": 1748759782,
        "narHash": "sha256-MJNhEBsAbxRp/53qsXv6/eaWkGS8zMGX9LuCz1BLeck=",
        "owner": "nix-community",
        "repo": "fenix",
        "rev": "9be40ad995bac282160ff374a47eed67c74f9c2a",
        "type": "github"
      },
      "original": {
        "owner": "nix-community",
        "ref": "monthly",
        "repo": "fenix",
        "type": "github"
      }
    },
    "flake-parts": {
      "inputs": {
        "nixpkgs-lib": [
          "nixpkgs"
        ]
      },
      "locked": {
        "lastModified": 1749398372,
        "narHash": "sha256-tYBdgS56eXYaWVW3fsnPQ/nFlgWi/Z2Ymhyu21zVM98=",
        "owner": "hercules-ci",
        "repo": "flake-parts",
        "rev": "9305fe4e5c2a6fcf5ba6a3ff155720fbe4076569",
        "type": "github"
      },
      "original": {
        "owner": "hercules-ci",
        "repo": "flake-parts",
        "type": "github"
      }
    },
    "flake-utils": {
      "inputs": {
        "systems": "systems"
      },
      "locked": {
        "lastModified": 1731533236,
        "narHash": "sha256-l0KFg5HjrsfsO/JpG+r7fRrqm12kzFHyUHqHCVpMMbI=",
        "owner": "numtide",
        "repo": "flake-utils",
        "rev": "11707dc2f618dd54ca8739b309ec4fc024de578b",
        "type": "github"
      },
      "original": {
        "owner": "numtide",
        "repo": "flake-utils",
        "type": "github"
      }
    },
    "flakey-profile": {
      "locked": {
        "lastModified": 1712898590,
        "narHash": "sha256-FhGIEU93VHAChKEXx905TSiPZKga69bWl1VB37FK//I=",
        "owner": "lf-",
        "repo": "flakey-profile",
        "rev": "243c903fd8eadc0f63d205665a92d4df91d42d9d",
        "type": "github"
      },
      "original": {
        "owner": "lf-",
        "repo": "flakey-profile",
        "type": "github"
      }
    },
    "home-manager": {
      "inputs": {
        "nixpkgs": [
          "nixpkgs"
        ]
      },
      "locked": {
        "lastModified": 1749821119,
        "narHash": "sha256-X3WAS322EsebI4ohJcXhKpiyG1v+7wE4VOiXy1pxM/c=",
        "owner": "nix-community",
        "repo": "home-manager",
        "rev": "79dfd9aa295e53773aad45480b44c131da29f35b",
        "type": "github"
      },
      "original": {
        "owner": "nix-community",
        "repo": "home-manager",
        "type": "github"
      }
    },
    "lix": {
      "flake": false,
      "locked": {
        "lastModified": 1746827285,
        "narHash": "sha256-hsFe4Tsqqg4l+FfQWphDtjC79WzNCZbEFhHI8j2KJzw=",
        "rev": "47aad376c87e2e65967f17099277428e4b3f8e5a",
        "type": "tarball",
        "url": "https://git.lix.systems/api/v1/repos/lix-project/lix/archive/47aad376c87e2e65967f17099277428e4b3f8e5a.tar.gz?rev=47aad376c87e2e65967f17099277428e4b3f8e5a"
      },
      "original": {
        "type": "tarball",
        "url": "https://git.lix.systems/lix-project/lix/archive/2.93.0.tar.gz"
      }
    },
    "lix-module": {
      "inputs": {
        "flake-utils": "flake-utils",
        "flakey-profile": "flakey-profile",
        "lix": "lix",
        "nixpkgs": [
          "nixpkgs"
        ]
      },
      "locked": {
        "lastModified": 1746838955,
        "narHash": "sha256-11R4K3iAx4tLXjUs+hQ5K90JwDABD/XHhsM9nkeS5N8=",
        "rev": "cd2a9c028df820a83ca2807dc6c6e7abc3dfa7fc",
        "type": "tarball",
        "url": "https://git.lix.systems/api/v1/repos/lix-project/nixos-module/archive/cd2a9c028df820a83ca2807dc6c6e7abc3dfa7fc.tar.gz?rev=cd2a9c028df820a83ca2807dc6c6e7abc3dfa7fc"
      },
      "original": {
        "type": "tarball",
        "url": "https://git.lix.systems/lix-project/nixos-module/archive/2.93.0.tar.gz"
      }
    },
    "nix-colors": {
      "inputs": {
        "base16-schemes": "base16-schemes",
        "nixpkgs-lib": [
          "nixpkgs"
        ]
      },
      "locked": {
        "lastModified": 1707825078,
        "narHash": "sha256-hTfge2J2W+42SZ7VHXkf4kjU+qzFqPeC9k66jAUBMHk=",
        "owner": "Misterio77",
        "repo": "nix-colors",
        "rev": "b01f024090d2c4fc3152cd0cf12027a7b8453ba1",
        "type": "github"
      },
      "original": {
        "owner": "Misterio77",
        "repo": "nix-colors",
        "type": "github"
      }
    },
    "nixpkgs": {
      "locked": {
        "lastModified": 1749285348,
        "narHash": "sha256-frdhQvPbmDYaScPFiCnfdh3B/Vh81Uuoo0w5TkWmmjU=",
        "owner": "NixOS",
        "repo": "nixpkgs",
        "rev": "3e3afe5174c561dee0df6f2c2b2236990146329f",
        "type": "github"
      },
      "original": {
        "owner": "NixOS",
        "ref": "nixos-unstable",
        "repo": "nixpkgs",
        "type": "github"
      }
    },
    "preservation": {
      "locked": {
        "lastModified": 1738541138,
        "narHash": "sha256-isT+jR8P8UFh5PJDzGHYXqVEHEZa0D5WvT5kfMf14AM=",
        "owner": "nix-community",
        "repo": "preservation",
        "rev": "2f16754f9f6b766c1429375ab7417dc81cc90a63",
        "type": "github"
      },
      "original": {
        "owner": "nix-community",
        "repo": "preservation",
        "type": "github"
      }
    },
    "root": {
      "inputs": {
        "fenix": "fenix",
        "flake-parts": "flake-parts",
        "home-manager": "home-manager",
        "lix-module": "lix-module",
        "nix-colors": "nix-colors",
        "nixpkgs": "nixpkgs",
        "preservation": "preservation",
        "treefmt-nix": "treefmt-nix"
      }
    },
    "rust-analyzer-src": {
      "flake": false,
      "locked": {
        "lastModified": 1748695646,
        "narHash": "sha256-VwSuuRF4NvAoeHZJRRlX8zAFZ+nZyuiIvmVqBAX0Bcg=",
        "owner": "rust-lang",
        "repo": "rust-analyzer",
        "rev": "2a388d1103450d814a84eda98efe89c01b158343",
        "type": "github"
      },
      "original": {
        "owner": "rust-lang",
        "ref": "nightly",
        "repo": "rust-analyzer",
        "type": "github"
      }
    },
    "systems": {
      "locked": {
        "lastModified": 1681028828,
        "narHash": "sha256-Vy1rq5AaRuLzOxct8nz4T6wlgyUR7zLU309k9mBC768=",
        "owner": "nix-systems",
        "repo": "default",
        "rev": "da67096a3b9bf56a91d16901293e51ba5b49a27e",
        "type": "github"
      },
      "original": {
        "owner": "nix-systems",
        "repo": "default",
        "type": "github"
      }
    },
    "treefmt-nix": {
      "inputs": {
        "nixpkgs": [
          "nixpkgs"
        ]
      },
      "locked": {
        "lastModified": 1749194973,
        "narHash": "sha256-eEy8cuS0mZ2j/r/FE0/LYBSBcIs/MKOIVakwHVuqTfk=",
        "owner": "numtide",
        "repo": "treefmt-nix",
        "rev": "a05be418a1af1198ca0f63facb13c985db4cb3c5",
        "type": "github"
      },
      "original": {
        "owner": "numtide",
        "repo": "treefmt-nix",
        "type": "github"
      }
    }
  },
  "root": "root",
  "version": 7
}
