{
  "nodes": {
    "base16": {
      "inputs": {
        "fromYaml": "fromYaml"
      },
      "locked": {
        "lastModified": 1709025227,
        "narHash": "sha256-KXcORItjYJTdEO/BlBd0Uym1Xa3eBu43uvpFiWjJOdY=",
        "owner": "SenchoPens",
        "repo": "base16.nix",
        "rev": "4e9b16c8b44958bc6bf46d99c3bb1b59c9c9c764",
        "type": "github"
      },
      "original": {
        "owner": "SenchoPens",
        "repo": "base16.nix",
        "type": "github"
      }
    },
    "fromYaml": {
      "flake": false,
      "locked": {
        "lastModified": 1689549921,
        "narHash": "sha256-iX0pk/uB019TdBGlaJEWvBCfydT6sRq+eDcGPifVsCM=",
        "owner": "SenchoPens",
        "repo": "fromYaml",
        "rev": "11fbbbfb32e3289d3c631e0134a23854e7865c84",
        "type": "github"
      },
      "original": {
        "owner": "SenchoPens",
        "repo": "fromYaml",
        "type": "github"
      }
    },
    "home-manager": {
      "inputs": {
        "nixpkgs": [
          "nixpkgs"
        ]
      },
      "locked": {
        "lastModified": 1714042918,
        "narHash": "sha256-4AItZA3EQIiSNAxliuYEJumw/LaVfrMv84gYyrs0r3U=",
        "owner": "nix-community",
        "repo": "home-manager",
        "rev": "0c5704eceefcb7bb238a958f532a86e3b59d76db",
        "type": "github"
      },
      "original": {
        "owner": "nix-community",
        "repo": "home-manager",
        "type": "github"
      }
    },
    "impermanence": {
      "locked": {
        "lastModified": 1708968331,
        "narHash": "sha256-VUXLaPusCBvwM3zhGbRIJVeYluh2uWuqtj4WirQ1L9Y=",
        "owner": "nix-community",
        "repo": "impermanence",
        "rev": "a33ef102a02ce77d3e39c25197664b7a636f9c30",
        "type": "github"
      },
      "original": {
        "owner": "nix-community",
        "repo": "impermanence",
        "type": "github"
      }
    },
    "nixpkgs": {
      "locked": {
        "lastModified": 1713895582,
        "narHash": "sha256-cfh1hi+6muQMbi9acOlju3V1gl8BEaZBXBR9jQfQi4U=",
        "owner": "NixOS",
        "repo": "nixpkgs",
        "rev": "572af610f6151fd41c212f897c71f7056e3fb518",
        "type": "github"
      },
      "original": {
        "owner": "NixOS",
        "ref": "nixos-unstable",
        "repo": "nixpkgs",
        "type": "github"
      }
    },
    "nvim-flake": {
      "inputs": {
        "nixpkgs": [
          "nixpkgs"
        ]
      },
      "locked": {
        "lastModified": 1713978893,
        "narHash": "sha256-LtAv5KrQzJZufcHXAcIu2ut+HyENUD1+uKHkcvL4dKQ=",
        "owner": "player131007",
        "repo": "nvim-flake",
        "rev": "04bf7b53f47089396c576a4d606d62de3f8fe402",
        "type": "github"
      },
      "original": {
        "owner": "player131007",
        "repo": "nvim-flake",
        "type": "github"
      }
    },
    "root": {
      "inputs": {
        "base16": "base16",
        "home-manager": "home-manager",
        "impermanence": "impermanence",
        "nixpkgs": "nixpkgs",
        "nvim-flake": "nvim-flake"
      }
    }
  },
  "root": "root",
  "version": 7
}
