{
  "nodes": {
    "ags": {
      "inputs": {
        "nixpkgs": [
          "nixpkgs"
        ]
      },
      "locked": {
        "lastModified": 1696369944,
        "narHash": "sha256-crXwvl/hooLgwRCHi611eQgrwYUBfNyETulT28/4Ntk=",
        "owner": "Aylur",
        "repo": "ags",
        "rev": "417f440d63b542e8f0f31d533a5332047291290e",
        "type": "github"
      },
      "original": {
        "owner": "Aylur",
        "repo": "ags",
        "type": "github"
      }
    },
    "impermanence": {
      "locked": {
        "lastModified": 1694622745,
        "narHash": "sha256-z397+eDhKx9c2qNafL1xv75lC0Q4nOaFlhaU1TINqb8=",
        "owner": "nix-community",
        "repo": "impermanence",
        "rev": "e9643d08d0d193a2e074a19d4d90c67a874d932e",
        "type": "github"
      },
      "original": {
        "owner": "nix-community",
        "repo": "impermanence",
        "type": "github"
      }
    },
    "nixpkgs": {
      "locked": {
        "lastModified": 1696193975,
        "narHash": "sha256-mnQjUcYgp9Guu3RNVAB2Srr1TqKcPpRXmJf4LJk6KRY=",
        "owner": "NixOS",
        "repo": "nixpkgs",
        "rev": "fdd898f8f79e8d2f99ed2ab6b3751811ef683242",
        "type": "github"
      },
      "original": {
        "owner": "NixOS",
        "ref": "nixos-unstable",
        "repo": "nixpkgs",
        "type": "github"
      }
    },
    "root": {
      "inputs": {
        "ags": "ags",
        "impermanence": "impermanence",
        "nixpkgs": "nixpkgs"
      }
    }
  },
  "root": "root",
  "version": 7
}
